
Microsoft Visual Studio Solution File, Format Version 12.00
# Visual Studio Version 16
VisualStudioVersion = 16.0.32002.261
MinimumVisualStudioVersion = 10.0.40219.1
Project("{FAE04EC0-301F-11D3-BF4B-00C04F79EFBC}") = "fitdocdev", "fitdocdev\fitdocdev.csproj", "{307E6F8D-3F92-48BB-B290-913236822B32}"
EndProject
Global
	GlobalSection(SolutionConfigurationPlatforms) = preSolution
		Debug|Any CPU = Debug|Any CPU
		Release|Any CPU = Release|Any CPU
	EndGlobalSection
	GlobalSection(ProjectConfigurationPlatforms) = postSolution
		{307E6F8D-3F92-48BB-B290-913236822B32}.Debug|Any CPU.ActiveCfg = Debug|Any CPU
		{307E6F8D-3F92-48BB-B290-913236822B32}.Debug|Any CPU.Build.0 = Debug|Any CPU
		{307E6F8D-3F92-48BB-B290-913236822B32}.Release|Any CPU.ActiveCfg = Release|Any CPU
		{307E6F8D-3F92-48BB-B290-913236822B32}.Release|Any CPU.Build.0 = Release|Any CPU
	EndGlobalSection
	GlobalSection(SolutionProperties) = preSolution
		HideSolutionNode = FALSE
	EndGlobalSection
	GlobalSection(ExtensibilityGlobals) = postSolution
		SolutionGuid = {A38E7E2E-7B9C-4CAB-967B-ACEAD070527B}
	EndGlobalSection
EndGlobal
